
Microsoft Visual Studio Solution File, Format Version 12.00
# Visual Studio Version 17
VisualStudioVersion = 17.7.34024.191
MinimumVisualStudioVersion = 10.0.40219.1
Project("{888888A0-9F3D-457C-B088-3A5042F75D52}") = "word", "word.pyproj", "{5C451CB9-5BC1-4178-A8B9-9A1E90F03996}"
EndProject
Global
	GlobalSection(SolutionConfigurationPlatforms) = preSolution
		Debug|Any CPU = Debug|Any CPU
		Release|Any CPU = Release|Any CPU
	EndGlobalSection
	GlobalSection(ProjectConfigurationPlatforms) = postSolution
		{5C451CB9-5BC1-4178-A8B9-9A1E90F03996}.Debug|Any CPU.ActiveCfg = Debug|Any CPU
		{5C451CB9-5BC1-4178-A8B9-9A1E90F03996}.Release|Any CPU.ActiveCfg = Release|Any CPU
	EndGlobalSection
	GlobalSection(SolutionProperties) = preSolution
		HideSolutionNode = FALSE
	EndGlobalSection
	GlobalSection(ExtensibilityGlobals) = postSolution
		SolutionGuid = {A0A10FF2-292A-48C6-BDAD-5C75C5378176}
	EndGlobalSection
EndGlobal
